
Microsoft Visual Studio Solution File, Format Version 12.00
# Visual Studio Version 16
VisualStudioVersion = 16.0.31727.386
MinimumVisualStudioVersion = 10.0.40219.1
Project("{FAE04EC0-301F-11D3-BF4B-00C04F79EFBC}") = "HardCode_ChequeWriter", "HardCode_ChequeWriter\HardCode_ChequeWriter.csproj", "{B7107AA0-B747-4F4E-8948-6ECCA17C9B14}"
EndProject
Global
	GlobalSection(SolutionConfigurationPlatforms) = preSolution
		Debug|Any CPU = Debug|Any CPU
		Release|Any CPU = Release|Any CPU
	EndGlobalSection
	GlobalSection(ProjectConfigurationPlatforms) = postSolution
		{B7107AA0-B747-4F4E-8948-6ECCA17C9B14}.Debug|Any CPU.ActiveCfg = Debug|Any CPU
		{B7107AA0-B747-4F4E-8948-6ECCA17C9B14}.Debug|Any CPU.Build.0 = Debug|Any CPU
		{B7107AA0-B747-4F4E-8948-6ECCA17C9B14}.Release|Any CPU.ActiveCfg = Release|Any CPU
		{B7107AA0-B747-4F4E-8948-6ECCA17C9B14}.Release|Any CPU.Build.0 = Release|Any CPU
	EndGlobalSection
	GlobalSection(SolutionProperties) = preSolution
		HideSolutionNode = FALSE
	EndGlobalSection
	GlobalSection(ExtensibilityGlobals) = postSolution
		SolutionGuid = {76BB79B9-361C-46D4-9CB1-B97C4B7D824E}
	EndGlobalSection
EndGlobal
